<?xml version="1.0" encoding="utf-8"?>
<Project ToolsVersion="4.0" xmlns="http://schemas.microsoft.com/developer/msbuild/2003">
  <ItemGroup>
    <Filter Include="Source Files">
      <UniqueIdentifier>{4FC737F1-C7A5-4376-A066-2A32D752A2FF}</UniqueIdentifier>
      <Extensions>cpp;c;cc;cxx;def;odl;idl;hpj;bat;asm;asmx</Extensions>
    </Filter>
    <Filter Include="Header Files">
      <UniqueIdentifier>{93995380-89BD-4b04-88EB-625FBE52EBFB}</UniqueIdentifier>
      <Extensions>h;hh;hpp;hxx;hm;inl;inc;xsd</Extensions>
    </Filter>
    <Filter Include="Resource Files">
      <UniqueIdentifier>{67DA6AB6-F800-4c08-8B7A-83BB121AAD01}</UniqueIdentifier>
      <Extensions>rc;ico;cur;bmp;dlg;rc2;rct;bin;rgs;gif;jpg;jpeg;jpe;resx;tiff;tif;png;wav</Extensions>
    </Filter>
  </ItemGroup>
  <ItemGroup>
    <ClCompile Include="arraydawg.c">
      <Filter>Source Files</Filter>
    </ClCompile>
    <ClCompile Include="breadthqueue.c">
      <Filter>Source Files</Filter>
    </ClCompile>
    <ClCompile Include="CWG-Creator.c">
      <Filter>Source Files</Filter>
    </ClCompile>
    <ClCompile Include="CWGLib.c">
      <Filter>Source Files</Filter>
    </ClCompile>
    <ClCompile Include="dawg.c">
      <Filter>Source Files</Filter>
    </ClCompile>
    <ClCompile Include="DictionaryManager.c">
      <Filter>Source Files</Filter>
    </ClCompile>
    <ClCompile Include="Justin-CWG-Search.c">
      <Filter>Source Files</Filter>
    </ClCompile>
    <ClCompile Include="main.c">
      <Filter>Source Files</Filter>
    </ClCompile>
    <ClCompile Include="tnode.c">
      <Filter>Source Files</Filter>
    </ClCompile>
    <ClCompile Include="libkern\OSAtomic.c">
      <Filter>Source Files</Filter>
    </ClCompile>
  </ItemGroup>
  <ItemGroup>
    <ClInclude Include="arraydawg.h">
      <Filter>Header Files</Filter>
    </ClInclude>
    <ClInclude Include="breadthqueue.h">
      <Filter>Header Files</Filter>
    </ClInclude>
    <ClInclude Include="CWG-Creator.h">
      <Filter>Header Files</Filter>
    </ClInclude>
    <ClInclude Include="CWGLib.h">
      <Filter>Header Files</Filter>
    </ClInclude>
    <ClInclude Include="dawg.h">
      <Filter>Header Files</Filter>
    </ClInclude>
    <ClInclude Include="DictionaryManager.h">
      <Filter>Header Files</Filter>
    </ClInclude>
    <ClInclude Include="Justin-CWG-Search.h">
      <Filter>Header Files</Filter>
    </ClInclude>
    <ClInclude Include="stdbool.h">
      <Filter>Header Files</Filter>
    </ClInclude>
    <ClInclude Include="tnode.h">
      <Filter>Header Files</Filter>
    </ClInclude>
    <ClInclude Include="libkern\OSAtomic.h">
      <Filter>Header Files</Filter>
    </ClInclude>
  </ItemGroup>
</Project>