<?xml version="1.0" encoding="UTF-8" standalone="yes" ?>
<CodeBlocks_project_file>
	<FileVersion major="1" minor="6" />
	<Project>
		<Option title="cwga" />
		<Option pch_mode="2" />
		<Option compiler="gcc" />
		<Build>
			<Target title="default">
				<Option output="cwga" prefix_auto="1" extension_auto="1" />
				<Option type="1" />
				<Option compiler="gcc" />
			</Target>
		</Build>
		<Compiler>
			<Add option="-std=c11 -DDEBUG=1" />
			<Add directory="C:/mingw/mingw32/include" />
		</Compiler>
		<Linker>
			<Add directory="C:/mingw/mingw32/lib/gcc/i686-w64-mingw32/4.9.1" />
		</Linker>
		<Unit filename="CWG-Creator.c">
			<Option compilerVar="CC" />
		</Unit>
		<Unit filename="CWG-Creator.h">
			<Option compilerVar="CC" />
		</Unit>
		<Unit filename="CWGLib.c">
			<Option compilerVar="CC" />
		</Unit>
		<Unit filename="CWGLib.h">
			<Option compilerVar="CC" />
		</Unit>
		<Unit filename="DictionaryManager.c">
			<Option compilerVar="CC" />
		</Unit>
		<Unit filename="DictionaryManager.h">
			<Option compilerVar="CC" />
		</Unit>
		<Unit filename="Justin-CWG-Search.c">
			<Option compilerVar="CC" />
		</Unit>
		<Unit filename="Justin-CWG-Search.h">
			<Option compilerVar="CC" />
		</Unit>
		<Unit filename="arraydawg.c">
			<Option compilerVar="CC" />
		</Unit>
		<Unit filename="arraydawg.h">
			<Option compilerVar="CC" />
		</Unit>
		<Unit filename="breadthqueue.c">
			<Option compilerVar="CC" />
		</Unit>
		<Unit filename="breadthqueue.h">
			<Option compilerVar="CC" />
		</Unit>
		<Unit filename="dawg.c">
			<Option compilerVar="CC" />
		</Unit>
		<Unit filename="dawg.h">
			<Option compilerVar="CC" />
		</Unit>
		<Unit filename="libkern/OSAtomic.c">
			<Option compilerVar="CC" />
		</Unit>
		<Unit filename="libkern/OSAtomic.h">
			<Option compilerVar="CC" />
		</Unit>
		<Unit filename="main.c">
			<Option compilerVar="CC" />
		</Unit>
		<Unit filename="stdbool.h">
			<Option compilerVar="CC" />
		</Unit>
		<Unit filename="tnode.c">
			<Option compilerVar="CC" />
		</Unit>
		<Unit filename="tnode.h">
			<Option compilerVar="CC" />
		</Unit>
		<Extensions>
			<code_completion />
			<envvars />
			<debugger />
		</Extensions>
	</Project>
</CodeBlocks_project_file>
